
Microsoft Visual Studio Solution File, Format Version 11.00
# Visual Studio 2010
Project("{FAE04EC0-301F-11D3-BF4B-00C04F79EFBC}") = "Assembly-CSharp", "Assembly-CSharp.csproj", "{a1387da6-239e-bb84-3459-913217140cfd}"
EndProject
Project("{FAE04EC0-301F-11D3-BF4B-00C04F79EFBC}") = "Assembly-CSharp-Editor", "Assembly-CSharp-Editor.csproj", "{ef23e044-e3bb-18fe-7348-21bf8a5ea88d}"
EndProject
Global
	GlobalSection(SolutionConfigurationPlatforms) = preSolution
		Debug|Any CPU = Debug|Any CPU
	EndGlobalSection
	GlobalSection(ProjectConfigurationPlatforms) = postSolution
		{a1387da6-239e-bb84-3459-913217140cfd}.Debug|Any CPU.ActiveCfg = Debug|Any CPU
		{a1387da6-239e-bb84-3459-913217140cfd}.Debug|Any CPU.Build.0 = Debug|Any CPU
		{ef23e044-e3bb-18fe-7348-21bf8a5ea88d}.Debug|Any CPU.ActiveCfg = Debug|Any CPU
		{ef23e044-e3bb-18fe-7348-21bf8a5ea88d}.Debug|Any CPU.Build.0 = Debug|Any CPU
	EndGlobalSection
	GlobalSection(SolutionProperties) = preSolution
		HideSolutionNode = FALSE
	EndGlobalSection
EndGlobal
